{
  "name": "safa-uix",
  "version": "0.1.1",
  "lockfileVersion": 1,
  "requires": true,
  "dependencies": {
    "quasar": {
      "version": "1.0.5",
      "resolved": "https://registry.npmjs.org/quasar/-/quasar-1.0.5.tgz",
      "integrity": "sha512-8CxBZk5Ge+jUC7nzlzrLwlZRedpBkcYjkmyBOA0QJLvCXE8K8Ro68R7Vxf7+Baplo11aBMhFX1FhHZWrSM7Y2A=="
    }
  }
}
